
Microsoft Visual Studio Solution File, Format Version 12.00
# Visual Studio Version 17
VisualStudioVersion = 17.6.33829.357
MinimumVisualStudioVersion = 10.0.40219.1
Project("{8BC9CEB8-8B4A-11D0-8D11-00A0C91BC942}") = "06_03_star", "06_03_star\06_03_star.vcxproj", "{C9846973-7619-4B2C-B3A4-DF1802EC096B}"
EndProject
Project("{8BC9CEB8-8B4A-11D0-8D11-00A0C91BC942}") = "06_05_wordStudy", "06_05_wordStudy\06_05_wordStudy.vcxproj", "{3D87EACA-9828-415D-96FB-577BDE2D993A}"
EndProject
Project("{8BC9CEB8-8B4A-11D0-8D11-00A0C91BC942}") = "06_07_GroupWordCheck", "06_07_GroupWordCheck\06_07_GroupWordCheck.vcxproj", "{52532461-16DE-45A9-B51F-BCF4E1F09684}"
EndProject
Project("{8BC9CEB8-8B4A-11D0-8D11-00A0C91BC942}") = "TestTest", "TestTest\TestTest.vcxproj", "{301942D3-5C2B-4BE6-AD6E-6566A4A36E5D}"
EndProject
Project("{8BC9CEB8-8B4A-11D0-8D11-00A0C91BC942}") = "06_08_YourScore", "06_08_YourScore\06_08_YourScore.vcxproj", "{270A1DB8-DF77-459E-A23A-539FC1750245}"
EndProject
Project("{8BC9CEB8-8B4A-11D0-8D11-00A0C91BC942}") = "06_06_Croatia", "06_06_Croatia\06_06_Croatia.vcxproj", "{632AA7FB-D541-4452-BFA8-242C1CE49EBC}"
EndProject
Project("{2150E333-8FDC-42A3-9474-1A3956D46DE8}") = "06", "06", "{0C4B199B-1CFF-4533-8AF2-637C732A6213}"
EndProject
Project("{2150E333-8FDC-42A3-9474-1A3956D46DE8}") = "07", "07", "{ECF8C7A7-03A3-4C0B-ABEA-08B5C1656452}"
EndProject
Project("{8BC9CEB8-8B4A-11D0-8D11-00A0C91BC942}") = "07_01_ColRow", "07_01_ColRow\07_01_ColRow.vcxproj", "{9CEF1EAC-BE1E-4FB0-9A19-4BB36F9B9340}"
EndProject
Project("{8BC9CEB8-8B4A-11D0-8D11-00A0C91BC942}") = "07_02_MaxVal", "07_02_MaxVal\07_02_MaxVal.vcxproj", "{CD480041-263C-433D-82B6-52272F4684F2}"
EndProject
Project("{8BC9CEB8-8B4A-11D0-8D11-00A0C91BC942}") = "07_03_VerticalRead", "07_03_VerticalRead\07_03_VerticalRead.vcxproj", "{F3101486-B75A-4967-9C42-96397449B3D8}"
EndProject
Project("{8BC9CEB8-8B4A-11D0-8D11-00A0C91BC942}") = "07_04_ColorPaper", "07_04_ColorPaper\07_04_ColorPaper.vcxproj", "{17038FBF-6205-43E9-AE97-2BF25B9FAA7B}"
EndProject
Project("{2150E333-8FDC-42A3-9474-1A3956D46DE8}") = "08", "08", "{BABFC68A-BAC3-4875-BB7B-4B0ED8B752E4}"
EndProject
Project("{8BC9CEB8-8B4A-11D0-8D11-00A0C91BC942}") = "08_01_JinConvert", "08_01_JinConvert\08_01_JinConvert.vcxproj", "{DB401CC9-91B0-4E1A-8495-A3A5CCD9E395}"
EndProject
Global
	GlobalSection(SolutionConfigurationPlatforms) = preSolution
		Debug|x64 = Debug|x64
		Debug|x86 = Debug|x86
		Release|x64 = Release|x64
		Release|x86 = Release|x86
	EndGlobalSection
	GlobalSection(ProjectConfigurationPlatforms) = postSolution
		{C9846973-7619-4B2C-B3A4-DF1802EC096B}.Debug|x64.ActiveCfg = Debug|x64
		{C9846973-7619-4B2C-B3A4-DF1802EC096B}.Debug|x64.Build.0 = Debug|x64
		{C9846973-7619-4B2C-B3A4-DF1802EC096B}.Debug|x86.ActiveCfg = Debug|Win32
		{C9846973-7619-4B2C-B3A4-DF1802EC096B}.Debug|x86.Build.0 = Debug|Win32
		{C9846973-7619-4B2C-B3A4-DF1802EC096B}.Release|x64.ActiveCfg = Release|x64
		{C9846973-7619-4B2C-B3A4-DF1802EC096B}.Release|x64.Build.0 = Release|x64
		{C9846973-7619-4B2C-B3A4-DF1802EC096B}.Release|x86.ActiveCfg = Release|Win32
		{C9846973-7619-4B2C-B3A4-DF1802EC096B}.Release|x86.Build.0 = Release|Win32
		{3D87EACA-9828-415D-96FB-577BDE2D993A}.Debug|x64.ActiveCfg = Debug|x64
		{3D87EACA-9828-415D-96FB-577BDE2D993A}.Debug|x64.Build.0 = Debug|x64
		{3D87EACA-9828-415D-96FB-577BDE2D993A}.Debug|x86.ActiveCfg = Debug|Win32
		{3D87EACA-9828-415D-96FB-577BDE2D993A}.Debug|x86.Build.0 = Debug|Win32
		{3D87EACA-9828-415D-96FB-577BDE2D993A}.Release|x64.ActiveCfg = Release|x64
		{3D87EACA-9828-415D-96FB-577BDE2D993A}.Release|x64.Build.0 = Release|x64
		{3D87EACA-9828-415D-96FB-577BDE2D993A}.Release|x86.ActiveCfg = Release|Win32
		{3D87EACA-9828-415D-96FB-577BDE2D993A}.Release|x86.Build.0 = Release|Win32
		{52532461-16DE-45A9-B51F-BCF4E1F09684}.Debug|x64.ActiveCfg = Debug|x64
		{52532461-16DE-45A9-B51F-BCF4E1F09684}.Debug|x64.Build.0 = Debug|x64
		{52532461-16DE-45A9-B51F-BCF4E1F09684}.Debug|x86.ActiveCfg = Debug|Win32
		{52532461-16DE-45A9-B51F-BCF4E1F09684}.Debug|x86.Build.0 = Debug|Win32
		{52532461-16DE-45A9-B51F-BCF4E1F09684}.Release|x64.ActiveCfg = Release|x64
		{52532461-16DE-45A9-B51F-BCF4E1F09684}.Release|x64.Build.0 = Release|x64
		{52532461-16DE-45A9-B51F-BCF4E1F09684}.Release|x86.ActiveCfg = Release|Win32
		{52532461-16DE-45A9-B51F-BCF4E1F09684}.Release|x86.Build.0 = Release|Win32
		{301942D3-5C2B-4BE6-AD6E-6566A4A36E5D}.Debug|x64.ActiveCfg = Debug|x64
		{301942D3-5C2B-4BE6-AD6E-6566A4A36E5D}.Debug|x64.Build.0 = Debug|x64
		{301942D3-5C2B-4BE6-AD6E-6566A4A36E5D}.Debug|x86.ActiveCfg = Debug|Win32
		{301942D3-5C2B-4BE6-AD6E-6566A4A36E5D}.Debug|x86.Build.0 = Debug|Win32
		{301942D3-5C2B-4BE6-AD6E-6566A4A36E5D}.Release|x64.ActiveCfg = Release|x64
		{301942D3-5C2B-4BE6-AD6E-6566A4A36E5D}.Release|x64.Build.0 = Release|x64
		{301942D3-5C2B-4BE6-AD6E-6566A4A36E5D}.Release|x86.ActiveCfg = Release|Win32
		{301942D3-5C2B-4BE6-AD6E-6566A4A36E5D}.Release|x86.Build.0 = Release|Win32
		{270A1DB8-DF77-459E-A23A-539FC1750245}.Debug|x64.ActiveCfg = Debug|x64
		{270A1DB8-DF77-459E-A23A-539FC1750245}.Debug|x64.Build.0 = Debug|x64
		{270A1DB8-DF77-459E-A23A-539FC1750245}.Debug|x86.ActiveCfg = Debug|Win32
		{270A1DB8-DF77-459E-A23A-539FC1750245}.Debug|x86.Build.0 = Debug|Win32
		{270A1DB8-DF77-459E-A23A-539FC1750245}.Release|x64.ActiveCfg = Release|x64
		{270A1DB8-DF77-459E-A23A-539FC1750245}.Release|x64.Build.0 = Release|x64
		{270A1DB8-DF77-459E-A23A-539FC1750245}.Release|x86.ActiveCfg = Release|Win32
		{270A1DB8-DF77-459E-A23A-539FC1750245}.Release|x86.Build.0 = Release|Win32
		{632AA7FB-D541-4452-BFA8-242C1CE49EBC}.Debug|x64.ActiveCfg = Debug|x64
		{632AA7FB-D541-4452-BFA8-242C1CE49EBC}.Debug|x64.Build.0 = Debug|x64
		{632AA7FB-D541-4452-BFA8-242C1CE49EBC}.Debug|x86.ActiveCfg = Debug|Win32
		{632AA7FB-D541-4452-BFA8-242C1CE49EBC}.Debug|x86.Build.0 = Debug|Win32
		{632AA7FB-D541-4452-BFA8-242C1CE49EBC}.Release|x64.ActiveCfg = Release|x64
		{632AA7FB-D541-4452-BFA8-242C1CE49EBC}.Release|x64.Build.0 = Release|x64
		{632AA7FB-D541-4452-BFA8-242C1CE49EBC}.Release|x86.ActiveCfg = Release|Win32
		{632AA7FB-D541-4452-BFA8-242C1CE49EBC}.Release|x86.Build.0 = Release|Win32
		{9CEF1EAC-BE1E-4FB0-9A19-4BB36F9B9340}.Debug|x64.ActiveCfg = Debug|x64
		{9CEF1EAC-BE1E-4FB0-9A19-4BB36F9B9340}.Debug|x64.Build.0 = Debug|x64
		{9CEF1EAC-BE1E-4FB0-9A19-4BB36F9B9340}.Debug|x86.ActiveCfg = Debug|Win32
		{9CEF1EAC-BE1E-4FB0-9A19-4BB36F9B9340}.Debug|x86.Build.0 = Debug|Win32
		{9CEF1EAC-BE1E-4FB0-9A19-4BB36F9B9340}.Release|x64.ActiveCfg = Release|x64
		{9CEF1EAC-BE1E-4FB0-9A19-4BB36F9B9340}.Release|x64.Build.0 = Release|x64
		{9CEF1EAC-BE1E-4FB0-9A19-4BB36F9B9340}.Release|x86.ActiveCfg = Release|Win32
		{9CEF1EAC-BE1E-4FB0-9A19-4BB36F9B9340}.Release|x86.Build.0 = Release|Win32
		{CD480041-263C-433D-82B6-52272F4684F2}.Debug|x64.ActiveCfg = Debug|x64
		{CD480041-263C-433D-82B6-52272F4684F2}.Debug|x64.Build.0 = Debug|x64
		{CD480041-263C-433D-82B6-52272F4684F2}.Debug|x86.ActiveCfg = Debug|Win32
		{CD480041-263C-433D-82B6-52272F4684F2}.Debug|x86.Build.0 = Debug|Win32
		{CD480041-263C-433D-82B6-52272F4684F2}.Release|x64.ActiveCfg = Release|x64
		{CD480041-263C-433D-82B6-52272F4684F2}.Release|x64.Build.0 = Release|x64
		{CD480041-263C-433D-82B6-52272F4684F2}.Release|x86.ActiveCfg = Release|Win32
		{CD480041-263C-433D-82B6-52272F4684F2}.Release|x86.Build.0 = Release|Win32
		{F3101486-B75A-4967-9C42-96397449B3D8}.Debug|x64.ActiveCfg = Debug|x64
		{F3101486-B75A-4967-9C42-96397449B3D8}.Debug|x64.Build.0 = Debug|x64
		{F3101486-B75A-4967-9C42-96397449B3D8}.Debug|x86.ActiveCfg = Debug|Win32
		{F3101486-B75A-4967-9C42-96397449B3D8}.Debug|x86.Build.0 = Debug|Win32
		{F3101486-B75A-4967-9C42-96397449B3D8}.Release|x64.ActiveCfg = Release|x64
		{F3101486-B75A-4967-9C42-96397449B3D8}.Release|x64.Build.0 = Release|x64
		{F3101486-B75A-4967-9C42-96397449B3D8}.Release|x86.ActiveCfg = Release|Win32
		{F3101486-B75A-4967-9C42-96397449B3D8}.Release|x86.Build.0 = Release|Win32
		{17038FBF-6205-43E9-AE97-2BF25B9FAA7B}.Debug|x64.ActiveCfg = Debug|x64
		{17038FBF-6205-43E9-AE97-2BF25B9FAA7B}.Debug|x64.Build.0 = Debug|x64
		{17038FBF-6205-43E9-AE97-2BF25B9FAA7B}.Debug|x86.ActiveCfg = Debug|Win32
		{17038FBF-6205-43E9-AE97-2BF25B9FAA7B}.Debug|x86.Build.0 = Debug|Win32
		{17038FBF-6205-43E9-AE97-2BF25B9FAA7B}.Release|x64.ActiveCfg = Release|x64
		{17038FBF-6205-43E9-AE97-2BF25B9FAA7B}.Release|x64.Build.0 = Release|x64
		{17038FBF-6205-43E9-AE97-2BF25B9FAA7B}.Release|x86.ActiveCfg = Release|Win32
		{17038FBF-6205-43E9-AE97-2BF25B9FAA7B}.Release|x86.Build.0 = Release|Win32
		{DB401CC9-91B0-4E1A-8495-A3A5CCD9E395}.Debug|x64.ActiveCfg = Debug|x64
		{DB401CC9-91B0-4E1A-8495-A3A5CCD9E395}.Debug|x64.Build.0 = Debug|x64
		{DB401CC9-91B0-4E1A-8495-A3A5CCD9E395}.Debug|x86.ActiveCfg = Debug|Win32
		{DB401CC9-91B0-4E1A-8495-A3A5CCD9E395}.Debug|x86.Build.0 = Debug|Win32
		{DB401CC9-91B0-4E1A-8495-A3A5CCD9E395}.Release|x64.ActiveCfg = Release|x64
		{DB401CC9-91B0-4E1A-8495-A3A5CCD9E395}.Release|x64.Build.0 = Release|x64
		{DB401CC9-91B0-4E1A-8495-A3A5CCD9E395}.Release|x86.ActiveCfg = Release|Win32
		{DB401CC9-91B0-4E1A-8495-A3A5CCD9E395}.Release|x86.Build.0 = Release|Win32
	EndGlobalSection
	GlobalSection(SolutionProperties) = preSolution
		HideSolutionNode = FALSE
	EndGlobalSection
	GlobalSection(NestedProjects) = preSolution
		{C9846973-7619-4B2C-B3A4-DF1802EC096B} = {0C4B199B-1CFF-4533-8AF2-637C732A6213}
		{3D87EACA-9828-415D-96FB-577BDE2D993A} = {0C4B199B-1CFF-4533-8AF2-637C732A6213}
		{52532461-16DE-45A9-B51F-BCF4E1F09684} = {0C4B199B-1CFF-4533-8AF2-637C732A6213}
		{270A1DB8-DF77-459E-A23A-539FC1750245} = {0C4B199B-1CFF-4533-8AF2-637C732A6213}
		{632AA7FB-D541-4452-BFA8-242C1CE49EBC} = {0C4B199B-1CFF-4533-8AF2-637C732A6213}
		{9CEF1EAC-BE1E-4FB0-9A19-4BB36F9B9340} = {ECF8C7A7-03A3-4C0B-ABEA-08B5C1656452}
		{CD480041-263C-433D-82B6-52272F4684F2} = {ECF8C7A7-03A3-4C0B-ABEA-08B5C1656452}
		{F3101486-B75A-4967-9C42-96397449B3D8} = {ECF8C7A7-03A3-4C0B-ABEA-08B5C1656452}
		{17038FBF-6205-43E9-AE97-2BF25B9FAA7B} = {ECF8C7A7-03A3-4C0B-ABEA-08B5C1656452}
		{DB401CC9-91B0-4E1A-8495-A3A5CCD9E395} = {BABFC68A-BAC3-4875-BB7B-4B0ED8B752E4}
	EndGlobalSection
	GlobalSection(ExtensibilityGlobals) = postSolution
		SolutionGuid = {03A2A95D-5ADD-47E4-BF01-60486D128FE6}
	EndGlobalSection
EndGlobal
